
Microsoft Visual Studio Solution File, Format Version 12.00
# Visual Studio Version 17
VisualStudioVersion = 17.11.35327.3
MinimumVisualStudioVersion = 10.0.40219.1
Project("{FAE04EC0-301F-11D3-BF4B-00C04F79EFBC}") = "Ex012", "Ex012.csproj", "{9A955A3F-C21A-439B-866E-3E2A743758C6}"
EndProject
Global
	GlobalSection(SolutionConfigurationPlatforms) = preSolution
		Debug|Any CPU = Debug|Any CPU
		Release|Any CPU = Release|Any CPU
	EndGlobalSection
	GlobalSection(ProjectConfigurationPlatforms) = postSolution
		{9A955A3F-C21A-439B-866E-3E2A743758C6}.Debug|Any CPU.ActiveCfg = Debug|Any CPU
		{9A955A3F-C21A-439B-866E-3E2A743758C6}.Debug|Any CPU.Build.0 = Debug|Any CPU
		{9A955A3F-C21A-439B-866E-3E2A743758C6}.Release|Any CPU.ActiveCfg = Release|Any CPU
		{9A955A3F-C21A-439B-866E-3E2A743758C6}.Release|Any CPU.Build.0 = Release|Any CPU
	EndGlobalSection
	GlobalSection(SolutionProperties) = preSolution
		HideSolutionNode = FALSE
	EndGlobalSection
	GlobalSection(ExtensibilityGlobals) = postSolution
		SolutionGuid = {9BB84857-CAAE-4021-88A3-1AB294809888}
	EndGlobalSection
EndGlobal
